// !$*UTF8*$!
{
	archiveVersion = 1;
	classes = {
	};
	objectVersion = 46;
	objects = {

/* Begin PBXBuildFile section */
		10B69DE456AED1288FC9316B /* Tracker.cpp in Sources */ = {isa = PBXBuildFile; fileRef = A810DF70319A10353588F5DB /* Tracker.cpp */; };
		2023EF517ED2D8B397511D4B /* Helpers.cpp in Sources */ = {isa = PBXBuildFile; fileRef = B9076967F8C54A04362C04AA /* Helpers.cpp */; };
		311DF864378748129984EA1D /* Kalman.cpp in Sources */ = {isa = PBXBuildFile; fileRef = 77A1A692522820F935B58762 /* Kalman.cpp */; };
		45CC483A999BF1065A6B926C /* Distance.cpp in Sources */ = {isa = PBXBuildFile; fileRef = 9DBD717072C35D324E101669 /* Distance.cpp */; };
		5CC34D433F5806179935B89D /* Flow.cpp in Sources */ = {isa = PBXBuildFile; fileRef = 03A75A648BC4CF1D9DEDD0CE /* Flow.cpp */; };
		6AABAB39E82AF5CFEA23A205 /* ContourFinder.cpp in Sources */ = {isa = PBXBuildFile; fileRef = 5FBB4A8427353AED09174BE5 /* ContourFinder.cpp */; };
		7CDAD32BE4FA46701E3552C7 /* RunningBackground.cpp in Sources */ = {isa = PBXBuildFile; fileRef = 5CBF6AED6A17AC0C17F63CC4 /* RunningBackground.cpp */; };
		A6668C5B1272D7FCD5B5A16F /* Utilities.cpp in Sources */ = {isa = PBXBuildFile; fileRef = 6CEC50DB3D06414010233963 /* Utilities.cpp */; };
		B6840996567E78436F7ECFAB /* ETF.cpp in Sources */ = {isa = PBXBuildFile; fileRef = B047FF96258DC01792B272DB /* ETF.cpp */; };
		C602002DE761F9B52DB4400A /* ObjectFinder.cpp in Sources */ = {isa = PBXBuildFile; fileRef = AE75A3FBA2C2D87D14F06FE6 /* ObjectFinder.cpp */; };
		DBCB84A37F9AECC254870D79 /* Wrappers.cpp in Sources */ = {isa = PBXBuildFile; fileRef = D347FB65D19015303863922A /* Wrappers.cpp */; };
		E4328149138ABC9F0047C5CB /* openFrameworksDebug.a in Frameworks */ = {isa = PBXBuildFile; fileRef = E4328148138ABC890047C5CB /* openFrameworksDebug.a */; };
		E4B69E200A3A1BDC003C02F2 /* main.cpp in Sources */ = {isa = PBXBuildFile; fileRef = E4B69E1D0A3A1BDC003C02F2 /* main.cpp */; };
		E4B69E210A3A1BDC003C02F2 /* ofApp.cpp in Sources */ = {isa = PBXBuildFile; fileRef = E4B69E1E0A3A1BDC003C02F2 /* ofApp.cpp */; };
		EBCDE831EFAE08274E799C97 /* Calibration.cpp in Sources */ = {isa = PBXBuildFile; fileRef = 402C8F4015542356D362AC88 /* Calibration.cpp */; };
		F76B4A79BD8DE4854141CB47 /* fdog.cpp in Sources */ = {isa = PBXBuildFile; fileRef = A2D8249D46647E3C51769CDE /* fdog.cpp */; };
/* End PBXBuildFile section */

/* Begin PBXContainerItemProxy section */
		E4328147138ABC890047C5CB /* PBXContainerItemProxy */ = {
			isa = PBXContainerItemProxy;
			containerPortal = E4328143138ABC890047C5CB /* openFrameworksLib.xcodeproj */;
			proxyType = 2;
			remoteGlobalIDString = E4B27C1510CBEB8E00536013;
			remoteInfo = openFrameworks;
		};
		E4EEB9AB138B136A00A80321 /* PBXContainerItemProxy */ = {
			isa = PBXContainerItemProxy;
			containerPortal = E4328143138ABC890047C5CB /* openFrameworksLib.xcodeproj */;
			proxyType = 1;
			remoteGlobalIDString = E4B27C1410CBEB8E00536013;
			remoteInfo = openFrameworks;
		};
/* End PBXContainerItemProxy section */

/* Begin PBXCopyFilesBuildPhase section */
		E4C2427710CC5ABF004149E2 /* CopyFiles */ = {
			isa = PBXCopyFilesBuildPhase;
			buildActionMask = 2147483647;
			dstPath = "";
			dstSubfolderSpec = 10;
			files = (
			);
			runOnlyForDeploymentPostprocessing = 0;
		};
/* End PBXCopyFilesBuildPhase section */

/* Begin PBXFileReference section */
		03A75A648BC4CF1D9DEDD0CE /* Flow.cpp */ = {isa = PBXFileReference; explicitFileType = sourcecode.cpp.cpp; fileEncoding = 30; name = Flow.cpp; path = ../../../addons/ofxCv/libs/ofxCv/src/Flow.cpp; sourceTree = SOURCE_ROOT; };
		178547E33CE398C7B59F08AB /* ContourFinder.h */ = {isa = PBXFileReference; explicitFileType = sourcecode.c.h; fileEncoding = 30; name = ContourFinder.h; path = ../../../addons/ofxCv/libs/ofxCv/include/ofxCv/ContourFinder.h; sourceTree = SOURCE_ROOT; };
		325BD94FFB93161BBC68336E /* ofxCv.h */ = {isa = PBXFileReference; explicitFileType = sourcecode.c.h; fileEncoding = 30; name = ofxCv.h; path = ../../../addons/ofxCv/src/ofxCv.h; sourceTree = SOURCE_ROOT; };
		402C8F4015542356D362AC88 /* Calibration.cpp */ = {isa = PBXFileReference; explicitFileType = sourcecode.cpp.cpp; fileEncoding = 30; name = Calibration.cpp; path = ../../../addons/ofxCv/libs/ofxCv/src/Calibration.cpp; sourceTree = SOURCE_ROOT; };
		4524C0ED0C2DD3E085CE3350 /* ObjectFinder.h */ = {isa = PBXFileReference; explicitFileType = sourcecode.c.h; fileEncoding = 30; name = ObjectFinder.h; path = ../../../addons/ofxCv/libs/ofxCv/include/ofxCv/ObjectFinder.h; sourceTree = SOURCE_ROOT; };
		58140E0F92D37844E9C8883D /* Calibration.h */ = {isa = PBXFileReference; explicitFileType = sourcecode.c.h; fileEncoding = 30; name = Calibration.h; path = ../../../addons/ofxCv/libs/ofxCv/include/ofxCv/Calibration.h; sourceTree = SOURCE_ROOT; };
		5CBF6AED6A17AC0C17F63CC4 /* RunningBackground.cpp */ = {isa = PBXFileReference; explicitFileType = sourcecode.cpp.cpp; fileEncoding = 30; name = RunningBackground.cpp; path = ../../../addons/ofxCv/libs/ofxCv/src/RunningBackground.cpp; sourceTree = SOURCE_ROOT; };
		5FBB4A8427353AED09174BE5 /* ContourFinder.cpp */ = {isa = PBXFileReference; explicitFileType = sourcecode.cpp.cpp; fileEncoding = 30; name = ContourFinder.cpp; path = ../../../addons/ofxCv/libs/ofxCv/src/ContourFinder.cpp; sourceTree = SOURCE_ROOT; };
		698CD66C1F916C3A004F1FD9 /* src */ = {isa = PBXFileReference; lastKnownFileType = folder; name = src; path = ../../../addons/ofxFaceTracker/src; sourceTree = "<group>"; };
		698CD66D1F916C3A004F1FD9 /* libs */ = {isa = PBXFileReference; lastKnownFileType = folder; name = libs; path = ../../../addons/ofxFaceTracker/libs; sourceTree = "<group>"; };
		69F7570D1F916D3800B6D89F /* libs */ = {isa = PBXFileReference; lastKnownFileType = folder; name = libs; path = ../../../addons/ofxOpenCv/libs; sourceTree = "<group>"; };
		69F7570E1F916D3800B6D89F /* src */ = {isa = PBXFileReference; lastKnownFileType = folder; name = src; path = ../../../addons/ofxOpenCv/src; sourceTree = "<group>"; };
		6B3CDFD1A15E92F074E7D5AE /* RunningBackground.h */ = {isa = PBXFileReference; explicitFileType = sourcecode.c.h; fileEncoding = 30; name = RunningBackground.h; path = ../../../addons/ofxCv/libs/ofxCv/include/ofxCv/RunningBackground.h; sourceTree = SOURCE_ROOT; };
		6CEC50DB3D06414010233963 /* Utilities.cpp */ = {isa = PBXFileReference; explicitFileType = sourcecode.cpp.cpp; fileEncoding = 30; name = Utilities.cpp; path = ../../../addons/ofxCv/libs/ofxCv/src/Utilities.cpp; sourceTree = SOURCE_ROOT; };
		70046E043EDDB466ED625C3B /* Tracker.h */ = {isa = PBXFileReference; explicitFileType = sourcecode.c.h; fileEncoding = 30; name = Tracker.h; path = ../../../addons/ofxCv/libs/ofxCv/include/ofxCv/Tracker.h; sourceTree = SOURCE_ROOT; };
		73157AAE32787C63313C7D8E /* Wrappers.h */ = {isa = PBXFileReference; explicitFileType = sourcecode.c.h; fileEncoding = 30; name = Wrappers.h; path = ../../../addons/ofxCv/libs/ofxCv/include/ofxCv/Wrappers.h; sourceTree = SOURCE_ROOT; };
		77A1A692522820F935B58762 /* Kalman.cpp */ = {isa = PBXFileReference; explicitFileType = sourcecode.cpp.cpp; fileEncoding = 30; name = Kalman.cpp; path = ../../../addons/ofxCv/libs/ofxCv/src/Kalman.cpp; sourceTree = SOURCE_ROOT; };
		820102E51B125101D727B3CC /* ETF.h */ = {isa = PBXFileReference; explicitFileType = sourcecode.c.h; fileEncoding = 30; name = ETF.h; path = ../../../addons/ofxCv/libs/CLD/include/CLD/ETF.h; sourceTree = SOURCE_ROOT; };
		8326CDEDA153D242D924D2B6 /* Flow.h */ = {isa = PBXFileReference; explicitFileType = sourcecode.c.h; fileEncoding = 30; name = Flow.h; path = ../../../addons/ofxCv/libs/ofxCv/include/ofxCv/Flow.h; sourceTree = SOURCE_ROOT; };
		84D3470A12DEE51F320224AC /* Utilities.h */ = {isa = PBXFileReference; explicitFileType = sourcecode.c.h; fileEncoding = 30; name = Utilities.h; path = ../../../addons/ofxCv/libs/ofxCv/include/ofxCv/Utilities.h; sourceTree = SOURCE_ROOT; };
		8738DE90218B1E9054A88B54 /* Helpers.h */ = {isa = PBXFileReference; explicitFileType = sourcecode.c.h; fileEncoding = 30; name = Helpers.h; path = ../../../addons/ofxCv/libs/ofxCv/include/ofxCv/Helpers.h; sourceTree = SOURCE_ROOT; };
		9DBD717072C35D324E101669 /* Distance.cpp */ = {isa = PBXFileReference; explicitFileType = sourcecode.cpp.cpp; fileEncoding = 30; name = Distance.cpp; path = ../../../addons/ofxCv/libs/ofxCv/src/Distance.cpp; sourceTree = SOURCE_ROOT; };
		A2D8249D46647E3C51769CDE /* fdog.cpp */ = {isa = PBXFileReference; explicitFileType = sourcecode.cpp.cpp; fileEncoding = 30; name = fdog.cpp; path = ../../../addons/ofxCv/libs/CLD/src/fdog.cpp; sourceTree = SOURCE_ROOT; };
		A810DF70319A10353588F5DB /* Tracker.cpp */ = {isa = PBXFileReference; explicitFileType = sourcecode.cpp.cpp; fileEncoding = 30; name = Tracker.cpp; path = ../../../addons/ofxCv/libs/ofxCv/src/Tracker.cpp; sourceTree = SOURCE_ROOT; };
		AE75A3FBA2C2D87D14F06FE6 /* ObjectFinder.cpp */ = {isa = PBXFileReference; explicitFileType = sourcecode.cpp.cpp; fileEncoding = 30; name = ObjectFinder.cpp; path = ../../../addons/ofxCv/libs/ofxCv/src/ObjectFinder.cpp; sourceTree = SOURCE_ROOT; };
		B047FF96258DC01792B272DB /* ETF.cpp */ = {isa = PBXFileReference; explicitFileType = sourcecode.cpp.cpp; fileEncoding = 30; name = ETF.cpp; path = ../../../addons/ofxCv/libs/CLD/src/ETF.cpp; sourceTree = SOURCE_ROOT; };
		B9076967F8C54A04362C04AA /* Helpers.cpp */ = {isa = PBXFileReference; explicitFileType = sourcecode.cpp.cpp; fileEncoding = 30; name = Helpers.cpp; path = ../../../addons/ofxCv/libs/ofxCv/src/Helpers.cpp; sourceTree = SOURCE_ROOT; };
		CC455256CE0ECFE328853737 /* fdog.h */ = {isa = PBXFileReference; explicitFileType = sourcecode.c.h; fileEncoding = 30; name = fdog.h; path = ../../../addons/ofxCv/libs/CLD/include/CLD/fdog.h; sourceTree = SOURCE_ROOT; };
		D29DD28C195CD81267F3C8A1 /* Distance.h */ = {isa = PBXFileReference; explicitFileType = sourcecode.c.h; fileEncoding = 30; name = Distance.h; path = ../../../addons/ofxCv/libs/ofxCv/include/ofxCv/Distance.h; sourceTree = SOURCE_ROOT; };
		D347FB65D19015303863922A /* Wrappers.cpp */ = {isa = PBXFileReference; explicitFileType = sourcecode.cpp.cpp; fileEncoding = 30; name = Wrappers.cpp; path = ../../../addons/ofxCv/libs/ofxCv/src/Wrappers.cpp; sourceTree = SOURCE_ROOT; };
		DB0CD4C938C079DCD67222FE /* imatrix.h */ = {isa = PBXFileReference; explicitFileType = sourcecode.c.h; fileEncoding = 30; name = imatrix.h; path = ../../../addons/ofxCv/libs/CLD/include/CLD/imatrix.h; sourceTree = SOURCE_ROOT; };
		E4328143138ABC890047C5CB /* openFrameworksLib.xcodeproj */ = {isa = PBXFileReference; lastKnownFileType = "wrapper.pb-project"; name = openFrameworksLib.xcodeproj; path = ../../../libs/openFrameworksCompiled/project/osx/openFrameworksLib.xcodeproj; sourceTree = SOURCE_ROOT; };
		E4B69B5B0A3A1756003C02F2 /* aprFaceTrackExample2Debug.app */ = {isa = PBXFileReference; explicitFileType = wrapper.application; includeInIndex = 0; path = aprFaceTrackExample2Debug.app; sourceTree = BUILT_PRODUCTS_DIR; };
		E4B69E1D0A3A1BDC003C02F2 /* main.cpp */ = {isa = PBXFileReference; fileEncoding = 30; lastKnownFileType = sourcecode.cpp.cpp; name = main.cpp; path = src/main.cpp; sourceTree = SOURCE_ROOT; };
		E4B69E1E0A3A1BDC003C02F2 /* ofApp.cpp */ = {isa = PBXFileReference; explicitFileType = sourcecode.cpp.cpp; fileEncoding = 30; name = ofApp.cpp; path = src/ofApp.cpp; sourceTree = SOURCE_ROOT; };
		E4B69E1F0A3A1BDC003C02F2 /* ofApp.h */ = {isa = PBXFileReference; fileEncoding = 30; lastKnownFileType = sourcecode.c.h; name = ofApp.h; path = src/ofApp.h; sourceTree = SOURCE_ROOT; };
		E4B6FCAD0C3E899E008CF71C /* openFrameworks-Info.plist */ = {isa = PBXFileReference; fileEncoding = 30; lastKnownFileType = text.plist.xml; path = "openFrameworks-Info.plist"; sourceTree = "<group>"; };
		E4EB691F138AFCF100A09F29 /* CoreOF.xcconfig */ = {isa = PBXFileReference; fileEncoding = 4; lastKnownFileType = text.xcconfig; name = CoreOF.xcconfig; path = ../../../libs/openFrameworksCompiled/project/osx/CoreOF.xcconfig; sourceTree = SOURCE_ROOT; };
		E4EB6923138AFD0F00A09F29 /* Project.xcconfig */ = {isa = PBXFileReference; fileEncoding = 4; lastKnownFileType = text.xcconfig; path = Project.xcconfig; sourceTree = "<group>"; };
		F3C32677C12BD67CF9F8980E /* Kalman.h */ = {isa = PBXFileReference; explicitFileType = sourcecode.c.h; fileEncoding = 30; name = Kalman.h; path = ../../../addons/ofxCv/libs/ofxCv/include/ofxCv/Kalman.h; sourceTree = SOURCE_ROOT; };
		FE15469185A3A49FEC9D2292 /* myvec.h */ = {isa = PBXFileReference; explicitFileType = sourcecode.c.h; fileEncoding = 30; name = myvec.h; path = ../../../addons/ofxCv/libs/CLD/include/CLD/myvec.h; sourceTree = SOURCE_ROOT; };
/* End PBXFileReference section */

/* Begin PBXFrameworksBuildPhase section */
		E4B69B590A3A1756003C02F2 /* Frameworks */ = {
			isa = PBXFrameworksBuildPhase;
			buildActionMask = 2147483647;
			files = (
				E4328149138ABC9F0047C5CB /* openFrameworksDebug.a in Frameworks */,
			);
			runOnlyForDeploymentPostprocessing = 0;
		};
/* End PBXFrameworksBuildPhase section */

/* Begin PBXGroup section */
		13C72B31738CA9F68523CB1C /* include */ = {
			isa = PBXGroup;
			children = (
				4EB038C7DF921AA8A4070286 /* ofxCv */,
			);
			name = include;
			sourceTree = "<group>";
		};
		37CF39B443ACB0F86B1351ED /* src */ = {
			isa = PBXGroup;
			children = (
				B047FF96258DC01792B272DB /* ETF.cpp */,
				A2D8249D46647E3C51769CDE /* fdog.cpp */,
			);
			name = src;
			sourceTree = "<group>";
		};
		45591C11B7434576DF6996B4 /* include */ = {
			isa = PBXGroup;
			children = (
				FEA273413D5AFD9607F56ABE /* CLD */,
			);
			name = include;
			sourceTree = "<group>";
		};
		4EB038C7DF921AA8A4070286 /* ofxCv */ = {
			isa = PBXGroup;
			children = (
				D29DD28C195CD81267F3C8A1 /* Distance.h */,
				58140E0F92D37844E9C8883D /* Calibration.h */,
				4524C0ED0C2DD3E085CE3350 /* ObjectFinder.h */,
				73157AAE32787C63313C7D8E /* Wrappers.h */,
				84D3470A12DEE51F320224AC /* Utilities.h */,
				6B3CDFD1A15E92F074E7D5AE /* RunningBackground.h */,
				F3C32677C12BD67CF9F8980E /* Kalman.h */,
				178547E33CE398C7B59F08AB /* ContourFinder.h */,
				8326CDEDA153D242D924D2B6 /* Flow.h */,
				70046E043EDDB466ED625C3B /* Tracker.h */,
				8738DE90218B1E9054A88B54 /* Helpers.h */,
			);
			name = ofxCv;
			sourceTree = "<group>";
		};
		6025FAF6414C2CA589764D26 /* ofxCv */ = {
			isa = PBXGroup;
			children = (
				873F2BD1A608B2DE7BC81AFB /* src */,
				90D509C72729D1998E28A98F /* libs */,
			);
			name = ofxCv;
			sourceTree = "<group>";
		};
		6948EE371B920CB800B5AC1A /* local_addons */ = {
			isa = PBXGroup;
			children = (
			);
			name = local_addons;
			sourceTree = "<group>";
		};
		698CD6691F916BD8004F1FD9 /* ofxFaceTracker */ = {
			isa = PBXGroup;
			children = (
				698CD66D1F916C3A004F1FD9 /* libs */,
				698CD66C1F916C3A004F1FD9 /* src */,
			);
			name = ofxFaceTracker;
			sourceTree = "<group>";
		};
		69F7570C1F916D1D00B6D89F /* ofxOpenCV */ = {
			isa = PBXGroup;
			children = (
				69F7570D1F916D3800B6D89F /* libs */,
				69F7570E1F916D3800B6D89F /* src */,
			);
			name = ofxOpenCV;
			sourceTree = "<group>";
		};
		7CC1E591490DB083FB916812 /* CLD */ = {
			isa = PBXGroup;
			children = (
				45591C11B7434576DF6996B4 /* include */,
				37CF39B443ACB0F86B1351ED /* src */,
			);
			name = CLD;
			sourceTree = "<group>";
		};
		85961BEC127E2550AA7756C9 /* ofxCv */ = {
			isa = PBXGroup;
			children = (
				13C72B31738CA9F68523CB1C /* include */,
				D240A1DD1AE9F8E81BDBCD2B /* src */,
			);
			name = ofxCv;
			sourceTree = "<group>";
		};
		873F2BD1A608B2DE7BC81AFB /* src */ = {
			isa = PBXGroup;
			children = (
				325BD94FFB93161BBC68336E /* ofxCv.h */,
			);
			name = src;
			sourceTree = "<group>";
		};
		90D509C72729D1998E28A98F /* libs */ = {
			isa = PBXGroup;
			children = (
				85961BEC127E2550AA7756C9 /* ofxCv */,
				7CC1E591490DB083FB916812 /* CLD */,
			);
			name = libs;
			sourceTree = "<group>";
		};
		BB4B014C10F69532006C3DED /* addons */ = {
			isa = PBXGroup;
			children = (
				69F7570C1F916D1D00B6D89F /* ofxOpenCV */,
				698CD6691F916BD8004F1FD9 /* ofxFaceTracker */,
				6025FAF6414C2CA589764D26 /* ofxCv */,
			);
			name = addons;
			sourceTree = "<group>";
		};
		D240A1DD1AE9F8E81BDBCD2B /* src */ = {
			isa = PBXGroup;
			children = (
				B9076967F8C54A04362C04AA /* Helpers.cpp */,
				D347FB65D19015303863922A /* Wrappers.cpp */,
				5CBF6AED6A17AC0C17F63CC4 /* RunningBackground.cpp */,
				A810DF70319A10353588F5DB /* Tracker.cpp */,
				402C8F4015542356D362AC88 /* Calibration.cpp */,
				03A75A648BC4CF1D9DEDD0CE /* Flow.cpp */,
				5FBB4A8427353AED09174BE5 /* ContourFinder.cpp */,
				AE75A3FBA2C2D87D14F06FE6 /* ObjectFinder.cpp */,
				6CEC50DB3D06414010233963 /* Utilities.cpp */,
				77A1A692522820F935B58762 /* Kalman.cpp */,
				9DBD717072C35D324E101669 /* Distance.cpp */,
			);
			name = src;
			sourceTree = "<group>";
		};
		E4328144138ABC890047C5CB /* Products */ = {
			isa = PBXGroup;
			children = (
				E4328148138ABC890047C5CB /* openFrameworksDebug.a */,
			);
			name = Products;
			sourceTree = "<group>";
		};
		E4B69B4A0A3A1720003C02F2 = {
			isa = PBXGroup;
			children = (
				E4B6FCAD0C3E899E008CF71C /* openFrameworks-Info.plist */,
				E4EB6923138AFD0F00A09F29 /* Project.xcconfig */,
				E4B69E1C0A3A1BDC003C02F2 /* src */,
				E4EEC9E9138DF44700A80321 /* openFrameworks */,
				BB4B014C10F69532006C3DED /* addons */,
				6948EE371B920CB800B5AC1A /* local_addons */,
				E4B69B5B0A3A1756003C02F2 /* aprFaceTrackExample2Debug.app */,
			);
			sourceTree = "<group>";
		};
		E4B69E1C0A3A1BDC003C02F2 /* src */ = {
			isa = PBXGroup;
			children = (
				E4B69E1D0A3A1BDC003C02F2 /* main.cpp */,
				E4B69E1E0A3A1BDC003C02F2 /* ofApp.cpp */,
				E4B69E1F0A3A1BDC003C02F2 /* ofApp.h */,
			);
			path = src;
			sourceTree = SOURCE_ROOT;
		};
		E4EEC9E9138DF44700A80321 /* openFrameworks */ = {
			isa = PBXGroup;
			children = (
				E4EB691F138AFCF100A09F29 /* CoreOF.xcconfig */,
				E4328143138ABC890047C5CB /* openFrameworksLib.xcodeproj */,
			);
			name = openFrameworks;
			sourceTree = "<group>";
		};
		FEA273413D5AFD9607F56ABE /* CLD */ = {
			isa = PBXGroup;
			children = (
				820102E51B125101D727B3CC /* ETF.h */,
				DB0CD4C938C079DCD67222FE /* imatrix.h */,
				FE15469185A3A49FEC9D2292 /* myvec.h */,
				CC455256CE0ECFE328853737 /* fdog.h */,
			);
			name = CLD;
			sourceTree = "<group>";
		};
/* End PBXGroup section */

/* Begin PBXNativeTarget section */
		E4B69B5A0A3A1756003C02F2 /* aprFaceTrackExample2 */ = {
			isa = PBXNativeTarget;
			buildConfigurationList = E4B69B5F0A3A1757003C02F2 /* Build configuration list for PBXNativeTarget "aprFaceTrackExample2" */;
			buildPhases = (
				E4B69B580A3A1756003C02F2 /* Sources */,
				E4B69B590A3A1756003C02F2 /* Frameworks */,
				E4B6FFFD0C3F9AB9008CF71C /* ShellScript */,
				E4C2427710CC5ABF004149E2 /* CopyFiles */,
			);
			buildRules = (
			);
			dependencies = (
				E4EEB9AC138B136A00A80321 /* PBXTargetDependency */,
			);
			name = aprFaceTrackExample2;
			productName = myOFApp;
			productReference = E4B69B5B0A3A1756003C02F2 /* aprFaceTrackExample2Debug.app */;
			productType = "com.apple.product-type.application";
		};
/* End PBXNativeTarget section */

/* Begin PBXProject section */
		E4B69B4C0A3A1720003C02F2 /* Project object */ = {
			isa = PBXProject;
			attributes = {
				LastUpgradeCheck = 0600;
			};
			buildConfigurationList = E4B69B4D0A3A1720003C02F2 /* Build configuration list for PBXProject "aprFaceTrackExample2" */;
			compatibilityVersion = "Xcode 3.2";
			developmentRegion = English;
			hasScannedForEncodings = 0;
			knownRegions = (
				English,
				Japanese,
				French,
				German,
			);
			mainGroup = E4B69B4A0A3A1720003C02F2;
			productRefGroup = E4B69B4A0A3A1720003C02F2;
			projectDirPath = "";
			projectReferences = (
				{
					ProductGroup = E4328144138ABC890047C5CB /* Products */;
					ProjectRef = E4328143138ABC890047C5CB /* openFrameworksLib.xcodeproj */;
				},
			);
			projectRoot = "";
			targets = (
				E4B69B5A0A3A1756003C02F2 /* aprFaceTrackExample2 */,
			);
		};
/* End PBXProject section */

/* Begin PBXReferenceProxy section */
		E4328148138ABC890047C5CB /* openFrameworksDebug.a */ = {
			isa = PBXReferenceProxy;
			fileType = archive.ar;
			path = openFrameworksDebug.a;
			remoteRef = E4328147138ABC890047C5CB /* PBXContainerItemProxy */;
			sourceTree = BUILT_PRODUCTS_DIR;
		};
/* End PBXReferenceProxy section */

/* Begin PBXShellScriptBuildPhase section */
		E4B6FFFD0C3F9AB9008CF71C /* ShellScript */ = {
			isa = PBXShellScriptBuildPhase;
			buildActionMask = 2147483647;
			files = (
			);
			inputPaths = (
			);
			outputPaths = (
			);
			runOnlyForDeploymentPostprocessing = 0;
			shellPath = /bin/sh;
			shellScript = "mkdir -p \"$TARGET_BUILD_DIR/$PRODUCT_NAME.app/Contents/Resources/\"\n# Copy default icon file into App/Resources\nrsync -aved \"$ICON_FILE\" \"$TARGET_BUILD_DIR/$PRODUCT_NAME.app/Contents/Resources/\"\n# Copy libfmod and change install directory for fmod to run\nrsync -aved ../../../libs/fmodex/lib/osx/libfmodex.dylib \"$TARGET_BUILD_DIR/$PRODUCT_NAME.app/Contents/Frameworks/\";\ninstall_name_tool -change @executable_path/libfmodex.dylib @executable_path/../Frameworks/libfmodex.dylib \"$TARGET_BUILD_DIR/$PRODUCT_NAME.app/Contents/MacOS/$PRODUCT_NAME\";\n# Copy GLUT framework (must remove for AppStore submissions)\nrsync -aved ../../../libs/glut/lib/osx/GLUT.framework \"$TARGET_BUILD_DIR/$PRODUCT_NAME.app/Contents/Frameworks/\"\n";
		};
/* End PBXShellScriptBuildPhase section */

/* Begin PBXSourcesBuildPhase section */
		E4B69B580A3A1756003C02F2 /* Sources */ = {
			isa = PBXSourcesBuildPhase;
			buildActionMask = 2147483647;
			files = (
				E4B69E200A3A1BDC003C02F2 /* main.cpp in Sources */,
				E4B69E210A3A1BDC003C02F2 /* ofApp.cpp in Sources */,
				2023EF517ED2D8B397511D4B /* Helpers.cpp in Sources */,
				DBCB84A37F9AECC254870D79 /* Wrappers.cpp in Sources */,
				7CDAD32BE4FA46701E3552C7 /* RunningBackground.cpp in Sources */,
				10B69DE456AED1288FC9316B /* Tracker.cpp in Sources */,
				EBCDE831EFAE08274E799C97 /* Calibration.cpp in Sources */,
				5CC34D433F5806179935B89D /* Flow.cpp in Sources */,
				6AABAB39E82AF5CFEA23A205 /* ContourFinder.cpp in Sources */,
				C602002DE761F9B52DB4400A /* ObjectFinder.cpp in Sources */,
				A6668C5B1272D7FCD5B5A16F /* Utilities.cpp in Sources */,
				311DF864378748129984EA1D /* Kalman.cpp in Sources */,
				45CC483A999BF1065A6B926C /* Distance.cpp in Sources */,
				B6840996567E78436F7ECFAB /* ETF.cpp in Sources */,
				F76B4A79BD8DE4854141CB47 /* fdog.cpp in Sources */,
			);
			runOnlyForDeploymentPostprocessing = 0;
		};
/* End PBXSourcesBuildPhase section */

/* Begin PBXTargetDependency section */
		E4EEB9AC138B136A00A80321 /* PBXTargetDependency */ = {
			isa = PBXTargetDependency;
			name = openFrameworks;
			targetProxy = E4EEB9AB138B136A00A80321 /* PBXContainerItemProxy */;
		};
/* End PBXTargetDependency section */

/* Begin XCBuildConfiguration section */
		E4B69B4E0A3A1720003C02F2 /* Debug */ = {
			isa = XCBuildConfiguration;
			baseConfigurationReference = E4EB6923138AFD0F00A09F29 /* Project.xcconfig */;
			buildSettings = {
				CONFIGURATION_BUILD_DIR = "$(SRCROOT)/bin/";
				COPY_PHASE_STRIP = NO;
				DEAD_CODE_STRIPPING = YES;
				GCC_AUTO_VECTORIZATION = YES;
				GCC_ENABLE_SSE3_EXTENSIONS = YES;
				GCC_ENABLE_SUPPLEMENTAL_SSE3_INSTRUCTIONS = YES;
				GCC_INLINES_ARE_PRIVATE_EXTERN = NO;
				GCC_OPTIMIZATION_LEVEL = 0;
				GCC_SYMBOLS_PRIVATE_EXTERN = NO;
				GCC_WARN_ABOUT_DEPRECATED_FUNCTIONS = YES;
				GCC_WARN_ABOUT_INVALID_OFFSETOF_MACRO = NO;
				GCC_WARN_ALLOW_INCOMPLETE_PROTOCOL = NO;
				GCC_WARN_UNINITIALIZED_AUTOS = NO;
				GCC_WARN_UNUSED_VALUE = NO;
				GCC_WARN_UNUSED_VARIABLE = NO;
				HEADER_SEARCH_PATHS = (
					"$(OF_CORE_HEADERS)",
					../../../addons/ofxCv/libs/ofxCv/include,
					../../../addons/ofxCv/libs/CLD/include/CLD,
					../../../addons/ofxCv/src,
				);
				MACOSX_DEPLOYMENT_TARGET = 10.8;
				ONLY_ACTIVE_ARCH = YES;
				OTHER_CPLUSPLUSFLAGS = (
					"-D__MACOSX_CORE__",
					"-mtune=native",
				);
				SDKROOT = macosx;
			};
			name = Debug;
		};
		E4B69B4F0A3A1720003C02F2 /* Release */ = {
			isa = XCBuildConfiguration;
			baseConfigurationReference = E4EB6923138AFD0F00A09F29 /* Project.xcconfig */;
			buildSettings = {
				CONFIGURATION_BUILD_DIR = "$(SRCROOT)/bin/";
				COPY_PHASE_STRIP = YES;
				DEAD_CODE_STRIPPING = YES;
				GCC_AUTO_VECTORIZATION = YES;
				GCC_ENABLE_SSE3_EXTENSIONS = YES;
				GCC_ENABLE_SUPPLEMENTAL_SSE3_INSTRUCTIONS = YES;
				GCC_INLINES_ARE_PRIVATE_EXTERN = NO;
				GCC_OPTIMIZATION_LEVEL = 3;
				GCC_SYMBOLS_PRIVATE_EXTERN = NO;
				GCC_UNROLL_LOOPS = YES;
				GCC_WARN_ABOUT_DEPRECATED_FUNCTIONS = YES;
				GCC_WARN_ABOUT_INVALID_OFFSETOF_MACRO = NO;
				GCC_WARN_ALLOW_INCOMPLETE_PROTOCOL = NO;
				GCC_WARN_UNINITIALIZED_AUTOS = NO;
				GCC_WARN_UNUSED_VALUE = NO;
				GCC_WARN_UNUSED_VARIABLE = NO;
				HEADER_SEARCH_PATHS = (
					"$(OF_CORE_HEADERS)",
					../../../addons/ofxCv/libs/ofxCv/include,
					../../../addons/ofxCv/libs/CLD/include/CLD,
					../../../addons/ofxCv/src,
				);
				MACOSX_DEPLOYMENT_TARGET = 10.8;
				OTHER_CPLUSPLUSFLAGS = (
					"-D__MACOSX_CORE__",
					"-mtune=native",
				);
				SDKROOT = macosx;
			};
			name = Release;
		};
		E4B69B600A3A1757003C02F2 /* Debug */ = {
			isa = XCBuildConfiguration;
			baseConfigurationReference = E4EB6923138AFD0F00A09F29 /* Project.xcconfig */;
			buildSettings = {
				COMBINE_HIDPI_IMAGES = YES;
				COPY_PHASE_STRIP = NO;
				FRAMEWORK_SEARCH_PATHS = (
					"$(inherited)",
					"$(FRAMEWORK_SEARCH_PATHS_QUOTED_FOR_TARGET_1)",
				);
				FRAMEWORK_SEARCH_PATHS_QUOTED_FOR_TARGET_1 = "\"$(SRCROOT)/../../../libs/glut/lib/osx\"";
				GCC_DYNAMIC_NO_PIC = NO;
				GCC_GENERATE_DEBUGGING_SYMBOLS = YES;
				GCC_MODEL_TUNING = NONE;
				HEADER_SEARCH_PATHS = (
					"$(OF_CORE_HEADERS)",
					../../../addons/ofxCv/libs/ofxCv/include,
					../../../addons/ofxCv/libs/CLD/include/CLD,
					../../../addons/ofxCv/src,
					../../../addons/ofxFaceTracker/libs/FaceTracker/include,
					../../../addons/ofxOpenCV/libs/opencv/include,
				);
				ICON = "$(ICON_NAME_DEBUG)";
				ICON_FILE = "$(ICON_FILE_PATH)$(ICON)";
				INFOPLIST_FILE = "openFrameworks-Info.plist";
				INSTALL_PATH = /Applications;
				LIBRARY_SEARCH_PATHS = "$(inherited)";
				PRODUCT_NAME = "$(TARGET_NAME)Debug";
				WRAPPER_EXTENSION = app;
			};
			name = Debug;
		};
		E4B69B610A3A1757003C02F2 /* Release */ = {
			isa = XCBuildConfiguration;
			baseConfigurationReference = E4EB6923138AFD0F00A09F29 /* Project.xcconfig */;
			buildSettings = {
				COMBINE_HIDPI_IMAGES = YES;
				COPY_PHASE_STRIP = YES;
				FRAMEWORK_SEARCH_PATHS = (
					"$(inherited)",
					"$(FRAMEWORK_SEARCH_PATHS_QUOTED_FOR_TARGET_1)",
				);
				FRAMEWORK_SEARCH_PATHS_QUOTED_FOR_TARGET_1 = "\"$(SRCROOT)/../../../libs/glut/lib/osx\"";
				GCC_GENERATE_DEBUGGING_SYMBOLS = YES;
				GCC_MODEL_TUNING = NONE;
				HEADER_SEARCH_PATHS = (
					"$(OF_CORE_HEADERS)",
					../../../addons/ofxCv/libs/ofxCv/include,
					../../../addons/ofxCv/libs/CLD/include/CLD,
					../../../addons/ofxCv/src,
					../../../addons/ofxFaceTracker/libs/FaceTracker/include,
					../../../addons/ofxOpenCV/libs/opencv/include,
				);
				ICON = "$(ICON_NAME_RELEASE)";
				ICON_FILE = "$(ICON_FILE_PATH)$(ICON)";
				INFOPLIST_FILE = "openFrameworks-Info.plist";
				INSTALL_PATH = /Applications;
				LIBRARY_SEARCH_PATHS = "$(inherited)";
				PRODUCT_NAME = "$(TARGET_NAME)";
				WRAPPER_EXTENSION = app;
				baseConfigurationReference = E4EB6923138AFD0F00A09F29;
			};
			name = Release;
		};
/* End XCBuildConfiguration section */

/* Begin XCConfigurationList section */
		E4B69B4D0A3A1720003C02F2 /* Build configuration list for PBXProject "aprFaceTrackExample2" */ = {
			isa = XCConfigurationList;
			buildConfigurations = (
				E4B69B4E0A3A1720003C02F2 /* Debug */,
				E4B69B4F0A3A1720003C02F2 /* Release */,
			);
			defaultConfigurationIsVisible = 0;
			defaultConfigurationName = Release;
		};
		E4B69B5F0A3A1757003C02F2 /* Build configuration list for PBXNativeTarget "aprFaceTrackExample2" */ = {
			isa = XCConfigurationList;
			buildConfigurations = (
				E4B69B600A3A1757003C02F2 /* Debug */,
				E4B69B610A3A1757003C02F2 /* Release */,
			);
			defaultConfigurationIsVisible = 0;
			defaultConfigurationName = Release;
		};
/* End XCConfigurationList section */
	};
	rootObject = E4B69B4C0A3A1720003C02F2 /* Project object */;
}
